
Microsoft Visual Studio Solution File, Format Version 12.00
Project("{FAE04EC0-301F-11D3-BF4B-00C04F79EFBC}") = "ServerUDP", "ServerUDP\ServerUDP.csproj", "{C8BA15B8-2281-408F-9AA0-49154DD774A9}"
EndProject
Project("{FAE04EC0-301F-11D3-BF4B-00C04F79EFBC}") = "CilentUDP", "CilentUDP\CilentUDP.csproj", "{8CD45480-A03E-47CA-9E6A-CF94850F89DB}"
EndProject
Global
	GlobalSection(SolutionConfigurationPlatforms) = preSolution
		Debug|Any CPU = Debug|Any CPU
		Release|Any CPU = Release|Any CPU
	EndGlobalSection
	GlobalSection(ProjectConfigurationPlatforms) = postSolution
		{C8BA15B8-2281-408F-9AA0-49154DD774A9}.Debug|Any CPU.ActiveCfg = Debug|Any CPU
		{C8BA15B8-2281-408F-9AA0-49154DD774A9}.Debug|Any CPU.Build.0 = Debug|Any CPU
		{C8BA15B8-2281-408F-9AA0-49154DD774A9}.Release|Any CPU.ActiveCfg = Release|Any CPU
		{C8BA15B8-2281-408F-9AA0-49154DD774A9}.Release|Any CPU.Build.0 = Release|Any CPU
		{8CD45480-A03E-47CA-9E6A-CF94850F89DB}.Debug|Any CPU.ActiveCfg = Debug|Any CPU
		{8CD45480-A03E-47CA-9E6A-CF94850F89DB}.Debug|Any CPU.Build.0 = Debug|Any CPU
		{8CD45480-A03E-47CA-9E6A-CF94850F89DB}.Release|Any CPU.ActiveCfg = Release|Any CPU
		{8CD45480-A03E-47CA-9E6A-CF94850F89DB}.Release|Any CPU.Build.0 = Release|Any CPU
	EndGlobalSection
EndGlobal
